
Microsoft Visual Studio Solution File, Format Version 12.00
# Visual Studio 2012
Project("{8BC9CEB8-8B4A-11D0-8D11-00A0C91BC942}") = "FMI-Practical-Homework", "FMI-Practical-Homework\FMI-Practical-Homework.vcxproj", "{BE6EDD41-9907-4482-AEFC-2A55530AC1F0}"
EndProject
Global
	GlobalSection(SolutionConfigurationPlatforms) = preSolution
		Debug|Win32 = Debug|Win32
		Release|Win32 = Release|Win32
	EndGlobalSection
	GlobalSection(ProjectConfigurationPlatforms) = postSolution
		{BE6EDD41-9907-4482-AEFC-2A55530AC1F0}.Debug|Win32.ActiveCfg = Debug|Win32
		{BE6EDD41-9907-4482-AEFC-2A55530AC1F0}.Debug|Win32.Build.0 = Debug|Win32
		{BE6EDD41-9907-4482-AEFC-2A55530AC1F0}.Release|Win32.ActiveCfg = Release|Win32
		{BE6EDD41-9907-4482-AEFC-2A55530AC1F0}.Release|Win32.Build.0 = Release|Win32
	EndGlobalSection
	GlobalSection(SolutionProperties) = preSolution
		HideSolutionNode = FALSE
	EndGlobalSection
EndGlobal
